
Microsoft Visual Studio Solution File, Format Version 12.00
Project("{FAE04EC0-301F-11D3-BF4B-00C04F79EFBC}") = "SdmCompulsoryAssigmentS3", "SdmCompulsoryAssigmentS3\SdmCompulsoryAssigmentS3.csproj", "{4507D796-0A37-4060-B888-3F2E7AFAABBD}"
EndProject
Project("{2150E333-8FDC-42A3-9474-1A3956D46DE8}") = "Core", "Core", "{F55E5FC3-88FD-4675-896C-5DAFC615682A}"
EndProject
Project("{FAE04EC0-301F-11D3-BF4B-00C04F79EFBC}") = "Infrastructure.Static.Data", "Infrastructure.Static.Data\Infrastructure.Static.Data.csproj", "{2E4C988E-6C44-4297-871C-E4F6160D180D}"
EndProject
Project("{2150E333-8FDC-42A3-9474-1A3956D46DE8}") = "Infrastructure", "Infrastructure", "{2BCB8840-56A5-47E5-891C-8B279B54345A}"
EndProject
Project("{2150E333-8FDC-42A3-9474-1A3956D46DE8}") = "UI", "UI", "{177A91C8-DB65-4A37-962A-60CFD331FB72}"
EndProject
Project("{FAE04EC0-301F-11D3-BF4B-00C04F79EFBC}") = "Domain", "Core\Domain\Domain.csproj", "{26F265A8-A2E1-4135-A843-C1C025FD4D0E}"
EndProject
Project("{FAE04EC0-301F-11D3-BF4B-00C04F79EFBC}") = "Core", "Core\Core\Core.csproj", "{6E21C7C8-8C16-4B7B-9E7B-D9718583933B}"
EndProject
Global
	GlobalSection(SolutionConfigurationPlatforms) = preSolution
		Debug|Any CPU = Debug|Any CPU
		Release|Any CPU = Release|Any CPU
	EndGlobalSection
	GlobalSection(ProjectConfigurationPlatforms) = postSolution
		{4507D796-0A37-4060-B888-3F2E7AFAABBD}.Debug|Any CPU.ActiveCfg = Debug|Any CPU
		{4507D796-0A37-4060-B888-3F2E7AFAABBD}.Debug|Any CPU.Build.0 = Debug|Any CPU
		{4507D796-0A37-4060-B888-3F2E7AFAABBD}.Release|Any CPU.ActiveCfg = Release|Any CPU
		{4507D796-0A37-4060-B888-3F2E7AFAABBD}.Release|Any CPU.Build.0 = Release|Any CPU
		{2E4C988E-6C44-4297-871C-E4F6160D180D}.Debug|Any CPU.ActiveCfg = Debug|Any CPU
		{2E4C988E-6C44-4297-871C-E4F6160D180D}.Debug|Any CPU.Build.0 = Debug|Any CPU
		{2E4C988E-6C44-4297-871C-E4F6160D180D}.Release|Any CPU.ActiveCfg = Release|Any CPU
		{2E4C988E-6C44-4297-871C-E4F6160D180D}.Release|Any CPU.Build.0 = Release|Any CPU
		{26F265A8-A2E1-4135-A843-C1C025FD4D0E}.Debug|Any CPU.ActiveCfg = Debug|Any CPU
		{26F265A8-A2E1-4135-A843-C1C025FD4D0E}.Debug|Any CPU.Build.0 = Debug|Any CPU
		{26F265A8-A2E1-4135-A843-C1C025FD4D0E}.Release|Any CPU.ActiveCfg = Release|Any CPU
		{26F265A8-A2E1-4135-A843-C1C025FD4D0E}.Release|Any CPU.Build.0 = Release|Any CPU
		{6E21C7C8-8C16-4B7B-9E7B-D9718583933B}.Debug|Any CPU.ActiveCfg = Debug|Any CPU
		{6E21C7C8-8C16-4B7B-9E7B-D9718583933B}.Debug|Any CPU.Build.0 = Debug|Any CPU
		{6E21C7C8-8C16-4B7B-9E7B-D9718583933B}.Release|Any CPU.ActiveCfg = Release|Any CPU
		{6E21C7C8-8C16-4B7B-9E7B-D9718583933B}.Release|Any CPU.Build.0 = Release|Any CPU
	EndGlobalSection
	GlobalSection(NestedProjects) = preSolution
		{2E4C988E-6C44-4297-871C-E4F6160D180D} = {2BCB8840-56A5-47E5-891C-8B279B54345A}
		{4507D796-0A37-4060-B888-3F2E7AFAABBD} = {177A91C8-DB65-4A37-962A-60CFD331FB72}
		{26F265A8-A2E1-4135-A843-C1C025FD4D0E} = {F55E5FC3-88FD-4675-896C-5DAFC615682A}
		{6E21C7C8-8C16-4B7B-9E7B-D9718583933B} = {F55E5FC3-88FD-4675-896C-5DAFC615682A}
	EndGlobalSection
EndGlobal
